
Microsoft Visual Studio Solution File, Format Version 12.00
# Visual Studio Version 17
VisualStudioVersion = 17.14.37027.9 d17.14
MinimumVisualStudioVersion = 10.0.40219.1
Project("{FAE04EC0-301F-11D3-BF4B-00C04F79EFBC}") = "Lab1", "Lab1\Lab1.csproj", "{863C2C42-76F6-4777-B3D9-D285353D71D4}"
EndProject
Project("{FAE04EC0-301F-11D3-BF4B-00C04F79EFBC}") = "CourseDesktopClient", "CourseDesktopClient\CourseDesktopClient.csproj", "{4FC06C42-8694-4D35-830D-ADE6F97E1507}"
EndProject
Global
	GlobalSection(SolutionConfigurationPlatforms) = preSolution
		Debug|Any CPU = Debug|Any CPU
		Release|Any CPU = Release|Any CPU
	EndGlobalSection
	GlobalSection(ProjectConfigurationPlatforms) = postSolution
		{863C2C42-76F6-4777-B3D9-D285353D71D4}.Debug|Any CPU.ActiveCfg = Debug|Any CPU
		{863C2C42-76F6-4777-B3D9-D285353D71D4}.Debug|Any CPU.Build.0 = Debug|Any CPU
		{863C2C42-76F6-4777-B3D9-D285353D71D4}.Release|Any CPU.ActiveCfg = Release|Any CPU
		{863C2C42-76F6-4777-B3D9-D285353D71D4}.Release|Any CPU.Build.0 = Release|Any CPU
		{4FC06C42-8694-4D35-830D-ADE6F97E1507}.Debug|Any CPU.ActiveCfg = Debug|Any CPU
		{4FC06C42-8694-4D35-830D-ADE6F97E1507}.Debug|Any CPU.Build.0 = Debug|Any CPU
		{4FC06C42-8694-4D35-830D-ADE6F97E1507}.Release|Any CPU.ActiveCfg = Release|Any CPU
		{4FC06C42-8694-4D35-830D-ADE6F97E1507}.Release|Any CPU.Build.0 = Release|Any CPU
	EndGlobalSection
	GlobalSection(SolutionProperties) = preSolution
		HideSolutionNode = FALSE
	EndGlobalSection
	GlobalSection(ExtensibilityGlobals) = postSolution
		SolutionGuid = {EE219751-34A8-4E5D-B67F-E53572460DA6}
	EndGlobalSection
EndGlobal
